
Microsoft Visual Studio Solution File, Format Version 12.00
Project("{FAE04EC0-301F-11D3-BF4B-00C04F79EFBC}") = "ChatGPT", "ChatGPT\ChatGPT.csproj", "{D9A83702-92E4-4865-8C27-32EBF57E56DD}"
EndProject
Global
	GlobalSection(SolutionConfigurationPlatforms) = preSolution
		Debug|Any CPU = Debug|Any CPU
		Release|Any CPU = Release|Any CPU
	EndGlobalSection
	GlobalSection(ProjectConfigurationPlatforms) = postSolution
		{D9A83702-92E4-4865-8C27-32EBF57E56DD}.Debug|Any CPU.ActiveCfg = Debug|Any CPU
		{D9A83702-92E4-4865-8C27-32EBF57E56DD}.Debug|Any CPU.Build.0 = Debug|Any CPU
		{D9A83702-92E4-4865-8C27-32EBF57E56DD}.Release|Any CPU.ActiveCfg = Release|Any CPU
		{D9A83702-92E4-4865-8C27-32EBF57E56DD}.Release|Any CPU.Build.0 = Release|Any CPU
	EndGlobalSection
EndGlobal
